
Microsoft Visual Studio Solution File, Format Version 12.00
# Visual Studio 15
VisualStudioVersion = 15.0.28307.1231
MinimumVisualStudioVersion = 10.0.40219.1
Project("{FAE04EC0-301F-11D3-BF4B-00C04F79EFBC}") = "PhonesJKTVR19", "PhonesJKTVR19\PhonesJKTVR19.csproj", "{8BDAB040-1D07-4A88-AE42-3EA33BE53A6D}"
EndProject
Global
	GlobalSection(SolutionConfigurationPlatforms) = preSolution
		Debug|Any CPU = Debug|Any CPU
		Release|Any CPU = Release|Any CPU
	EndGlobalSection
	GlobalSection(ProjectConfigurationPlatforms) = postSolution
		{8BDAB040-1D07-4A88-AE42-3EA33BE53A6D}.Debug|Any CPU.ActiveCfg = Debug|Any CPU
		{8BDAB040-1D07-4A88-AE42-3EA33BE53A6D}.Debug|Any CPU.Build.0 = Debug|Any CPU
		{8BDAB040-1D07-4A88-AE42-3EA33BE53A6D}.Release|Any CPU.ActiveCfg = Release|Any CPU
		{8BDAB040-1D07-4A88-AE42-3EA33BE53A6D}.Release|Any CPU.Build.0 = Release|Any CPU
	EndGlobalSection
	GlobalSection(SolutionProperties) = preSolution
		HideSolutionNode = FALSE
	EndGlobalSection
	GlobalSection(ExtensibilityGlobals) = postSolution
		SolutionGuid = {930DC4F3-9971-4518-A5ED-5E545C538610}
	EndGlobalSection
EndGlobal
